
Microsoft Visual Studio Solution File, Format Version 12.00
# Visual Studio 15
VisualStudioVersion = 15.0.28010.2046
MinimumVisualStudioVersion = 10.0.40219.1
Project("{FAE04EC0-301F-11D3-BF4B-00C04F79EFBC}") = "XGame.Domain", "XGame.Domain\XGame.Domain.csproj", "{3BA748FF-BD58-42C1-BEC0-FFEB7C13E804}"
EndProject
Project("{FAE04EC0-301F-11D3-BF4B-00C04F79EFBC}") = "XGame.Infra", "XGame.Infra\XGame.Infra.csproj", "{115E18BD-2DBB-42EA-B1FE-22D89B52BB5E}"
EndProject
Project("{FAE04EC0-301F-11D3-BF4B-00C04F79EFBC}") = "XGame.App", "XGame.App\XGame.App.csproj", "{4FDAD46F-4CE8-476A-A962-D788EEF574C0}"
EndProject
Global
	GlobalSection(SolutionConfigurationPlatforms) = preSolution
		Debug|Any CPU = Debug|Any CPU
		Release|Any CPU = Release|Any CPU
	EndGlobalSection
	GlobalSection(ProjectConfigurationPlatforms) = postSolution
		{3BA748FF-BD58-42C1-BEC0-FFEB7C13E804}.Debug|Any CPU.ActiveCfg = Debug|Any CPU
		{3BA748FF-BD58-42C1-BEC0-FFEB7C13E804}.Debug|Any CPU.Build.0 = Debug|Any CPU
		{3BA748FF-BD58-42C1-BEC0-FFEB7C13E804}.Release|Any CPU.ActiveCfg = Release|Any CPU
		{3BA748FF-BD58-42C1-BEC0-FFEB7C13E804}.Release|Any CPU.Build.0 = Release|Any CPU
		{115E18BD-2DBB-42EA-B1FE-22D89B52BB5E}.Debug|Any CPU.ActiveCfg = Debug|Any CPU
		{115E18BD-2DBB-42EA-B1FE-22D89B52BB5E}.Debug|Any CPU.Build.0 = Debug|Any CPU
		{115E18BD-2DBB-42EA-B1FE-22D89B52BB5E}.Release|Any CPU.ActiveCfg = Release|Any CPU
		{115E18BD-2DBB-42EA-B1FE-22D89B52BB5E}.Release|Any CPU.Build.0 = Release|Any CPU
		{4FDAD46F-4CE8-476A-A962-D788EEF574C0}.Debug|Any CPU.ActiveCfg = Debug|Any CPU
		{4FDAD46F-4CE8-476A-A962-D788EEF574C0}.Debug|Any CPU.Build.0 = Debug|Any CPU
		{4FDAD46F-4CE8-476A-A962-D788EEF574C0}.Release|Any CPU.ActiveCfg = Release|Any CPU
		{4FDAD46F-4CE8-476A-A962-D788EEF574C0}.Release|Any CPU.Build.0 = Release|Any CPU
	EndGlobalSection
	GlobalSection(SolutionProperties) = preSolution
		HideSolutionNode = FALSE
	EndGlobalSection
	GlobalSection(ExtensibilityGlobals) = postSolution
		SolutionGuid = {AC0E6B46-9BA5-46A7-B9E8-A94EC8A9422B}
	EndGlobalSection
EndGlobal
